
Microsoft Visual Studio Solution File, Format Version 12.00
# Visual Studio Version 16
VisualStudioVersion = 16.0.29709.97
MinimumVisualStudioVersion = 10.0.40219.1
Project("{FAE04EC0-301F-11D3-BF4B-00C04F79EFBC}") = "MyVet.Common", "MyVet.Common\MyVet.Common.csproj", "{C72672C4-C01B-4855-85E7-07004C4219FF}"
EndProject
Project("{FAE04EC0-301F-11D3-BF4B-00C04F79EFBC}") = "MyVet.Web", "MyVet.Web\MyVet.Web.csproj", "{59B13216-B147-4AD0-9756-B0A1AC3C30D0}"
EndProject
Global
	GlobalSection(SolutionConfigurationPlatforms) = preSolution
		Debug|Any CPU = Debug|Any CPU
		Release|Any CPU = Release|Any CPU
	EndGlobalSection
	GlobalSection(ProjectConfigurationPlatforms) = postSolution
		{C72672C4-C01B-4855-85E7-07004C4219FF}.Debug|Any CPU.ActiveCfg = Debug|Any CPU
		{C72672C4-C01B-4855-85E7-07004C4219FF}.Debug|Any CPU.Build.0 = Debug|Any CPU
		{C72672C4-C01B-4855-85E7-07004C4219FF}.Release|Any CPU.ActiveCfg = Release|Any CPU
		{C72672C4-C01B-4855-85E7-07004C4219FF}.Release|Any CPU.Build.0 = Release|Any CPU
		{59B13216-B147-4AD0-9756-B0A1AC3C30D0}.Debug|Any CPU.ActiveCfg = Debug|Any CPU
		{59B13216-B147-4AD0-9756-B0A1AC3C30D0}.Debug|Any CPU.Build.0 = Debug|Any CPU
		{59B13216-B147-4AD0-9756-B0A1AC3C30D0}.Release|Any CPU.ActiveCfg = Release|Any CPU
		{59B13216-B147-4AD0-9756-B0A1AC3C30D0}.Release|Any CPU.Build.0 = Release|Any CPU
	EndGlobalSection
	GlobalSection(SolutionProperties) = preSolution
		HideSolutionNode = FALSE
	EndGlobalSection
	GlobalSection(ExtensibilityGlobals) = postSolution
		SolutionGuid = {81470903-6B4E-4D27-A410-D44BD7DD8C52}
	EndGlobalSection
EndGlobal
